
Microsoft Visual Studio Solution File, Format Version 12.00
# Visual Studio 15
VisualStudioVersion = 15.0.28307.1209
MinimumVisualStudioVersion = 10.0.40219.1
Project("{FAE04EC0-301F-11D3-BF4B-00C04F79EFBC}") = "Class41", "Class41\Class41.csproj", "{F22CDA26-F3B0-46D5-9348-90772A00B9C6}"
EndProject
Global
	GlobalSection(SolutionConfigurationPlatforms) = preSolution
		Debug|Any CPU = Debug|Any CPU
		Release|Any CPU = Release|Any CPU
	EndGlobalSection
	GlobalSection(ProjectConfigurationPlatforms) = postSolution
		{F22CDA26-F3B0-46D5-9348-90772A00B9C6}.Debug|Any CPU.ActiveCfg = Debug|Any CPU
		{F22CDA26-F3B0-46D5-9348-90772A00B9C6}.Debug|Any CPU.Build.0 = Debug|Any CPU
		{F22CDA26-F3B0-46D5-9348-90772A00B9C6}.Release|Any CPU.ActiveCfg = Release|Any CPU
		{F22CDA26-F3B0-46D5-9348-90772A00B9C6}.Release|Any CPU.Build.0 = Release|Any CPU
	EndGlobalSection
	GlobalSection(SolutionProperties) = preSolution
		HideSolutionNode = FALSE
	EndGlobalSection
	GlobalSection(ExtensibilityGlobals) = postSolution
		SolutionGuid = {59DEBC98-798B-46A5-B35A-76549CBB3207}
	EndGlobalSection
EndGlobal
