
Microsoft Visual Studio Solution File, Format Version 12.00
# Visual Studio Version 16
VisualStudioVersion = 16.0.32228.343
MinimumVisualStudioVersion = 10.0.40219.1
Project("{FAE04EC0-301F-11D3-BF4B-00C04F79EFBC}") = "Class9", "Class9\Class9.csproj", "{3A375F31-7A9D-4156-9BF5-AD712B9BDB73}"
EndProject
Global
	GlobalSection(SolutionConfigurationPlatforms) = preSolution
		Debug|Any CPU = Debug|Any CPU
		Release|Any CPU = Release|Any CPU
	EndGlobalSection
	GlobalSection(ProjectConfigurationPlatforms) = postSolution
		{3A375F31-7A9D-4156-9BF5-AD712B9BDB73}.Debug|Any CPU.ActiveCfg = Debug|Any CPU
		{3A375F31-7A9D-4156-9BF5-AD712B9BDB73}.Debug|Any CPU.Build.0 = Debug|Any CPU
		{3A375F31-7A9D-4156-9BF5-AD712B9BDB73}.Release|Any CPU.ActiveCfg = Release|Any CPU
		{3A375F31-7A9D-4156-9BF5-AD712B9BDB73}.Release|Any CPU.Build.0 = Release|Any CPU
	EndGlobalSection
	GlobalSection(SolutionProperties) = preSolution
		HideSolutionNode = FALSE
	EndGlobalSection
	GlobalSection(ExtensibilityGlobals) = postSolution
		SolutionGuid = {C3A378CC-12BE-4F3E-BC67-7D0CF32C315F}
	EndGlobalSection
EndGlobal
