
Microsoft Visual Studio Solution File, Format Version 12.00
# Visual Studio 15
VisualStudioVersion = 15.0.28307.1209
MinimumVisualStudioVersion = 10.0.40219.1
Project("{FAE04EC0-301F-11D3-BF4B-00C04F79EFBC}") = "Class46Ex_4", "Class46Ex_4\Class46Ex_4.csproj", "{78E932AA-F689-4FAA-911D-FFBAE108E288}"
EndProject
Global
	GlobalSection(SolutionConfigurationPlatforms) = preSolution
		Debug|Any CPU = Debug|Any CPU
		Release|Any CPU = Release|Any CPU
	EndGlobalSection
	GlobalSection(ProjectConfigurationPlatforms) = postSolution
		{78E932AA-F689-4FAA-911D-FFBAE108E288}.Debug|Any CPU.ActiveCfg = Debug|Any CPU
		{78E932AA-F689-4FAA-911D-FFBAE108E288}.Debug|Any CPU.Build.0 = Debug|Any CPU
		{78E932AA-F689-4FAA-911D-FFBAE108E288}.Release|Any CPU.ActiveCfg = Release|Any CPU
		{78E932AA-F689-4FAA-911D-FFBAE108E288}.Release|Any CPU.Build.0 = Release|Any CPU
	EndGlobalSection
	GlobalSection(SolutionProperties) = preSolution
		HideSolutionNode = FALSE
	EndGlobalSection
	GlobalSection(ExtensibilityGlobals) = postSolution
		SolutionGuid = {1E8743BA-F1C8-4406-B1C0-F15A748918D7}
	EndGlobalSection
EndGlobal
