
Microsoft Visual Studio Solution File, Format Version 12.00
# Visual Studio 15
VisualStudioVersion = 15.0.28307.1209
MinimumVisualStudioVersion = 10.0.40219.1
Project("{FAE04EC0-301F-11D3-BF4B-00C04F79EFBC}") = "Class46Ex_2", "Class46Ex_2\Class46Ex_2.csproj", "{B67D7606-D45A-4EC8-A6D7-B60B15AC373B}"
EndProject
Global
	GlobalSection(SolutionConfigurationPlatforms) = preSolution
		Debug|Any CPU = Debug|Any CPU
		Release|Any CPU = Release|Any CPU
	EndGlobalSection
	GlobalSection(ProjectConfigurationPlatforms) = postSolution
		{B67D7606-D45A-4EC8-A6D7-B60B15AC373B}.Debug|Any CPU.ActiveCfg = Debug|Any CPU
		{B67D7606-D45A-4EC8-A6D7-B60B15AC373B}.Debug|Any CPU.Build.0 = Debug|Any CPU
		{B67D7606-D45A-4EC8-A6D7-B60B15AC373B}.Release|Any CPU.ActiveCfg = Release|Any CPU
		{B67D7606-D45A-4EC8-A6D7-B60B15AC373B}.Release|Any CPU.Build.0 = Release|Any CPU
	EndGlobalSection
	GlobalSection(SolutionProperties) = preSolution
		HideSolutionNode = FALSE
	EndGlobalSection
	GlobalSection(ExtensibilityGlobals) = postSolution
		SolutionGuid = {6165991B-A5C2-4DD6-857C-CD48003825AA}
	EndGlobalSection
EndGlobal
