
Microsoft Visual Studio Solution File, Format Version 12.00
# Visual Studio 15
VisualStudioVersion = 15.0.28307.1209
MinimumVisualStudioVersion = 10.0.40219.1
Project("{FAE04EC0-301F-11D3-BF4B-00C04F79EFBC}") = "Class46Ex_3", "Class46Ex_3\Class46Ex_3.csproj", "{C6C40C8C-A75A-44FA-9954-AA0575208C51}"
EndProject
Global
	GlobalSection(SolutionConfigurationPlatforms) = preSolution
		Debug|Any CPU = Debug|Any CPU
		Release|Any CPU = Release|Any CPU
	EndGlobalSection
	GlobalSection(ProjectConfigurationPlatforms) = postSolution
		{C6C40C8C-A75A-44FA-9954-AA0575208C51}.Debug|Any CPU.ActiveCfg = Debug|Any CPU
		{C6C40C8C-A75A-44FA-9954-AA0575208C51}.Debug|Any CPU.Build.0 = Debug|Any CPU
		{C6C40C8C-A75A-44FA-9954-AA0575208C51}.Release|Any CPU.ActiveCfg = Release|Any CPU
		{C6C40C8C-A75A-44FA-9954-AA0575208C51}.Release|Any CPU.Build.0 = Release|Any CPU
	EndGlobalSection
	GlobalSection(SolutionProperties) = preSolution
		HideSolutionNode = FALSE
	EndGlobalSection
	GlobalSection(ExtensibilityGlobals) = postSolution
		SolutionGuid = {1FCDFCE0-7C4E-4A1E-8C4D-752D311194DA}
	EndGlobalSection
EndGlobal
