
Microsoft Visual Studio Solution File, Format Version 12.00
# Visual Studio 15
VisualStudioVersion = 15.0.28307.271
MinimumVisualStudioVersion = 10.0.40219.1
Project("{FAE04EC0-301F-11D3-BF4B-00C04F79EFBC}") = "Class3", "Class3\Class3.csproj", "{B0E250E9-1DF7-450D-A1E7-24EF11FA244E}"
EndProject
Global
	GlobalSection(SolutionConfigurationPlatforms) = preSolution
		Debug|Any CPU = Debug|Any CPU
		Release|Any CPU = Release|Any CPU
	EndGlobalSection
	GlobalSection(ProjectConfigurationPlatforms) = postSolution
		{B0E250E9-1DF7-450D-A1E7-24EF11FA244E}.Debug|Any CPU.ActiveCfg = Debug|Any CPU
		{B0E250E9-1DF7-450D-A1E7-24EF11FA244E}.Debug|Any CPU.Build.0 = Debug|Any CPU
		{B0E250E9-1DF7-450D-A1E7-24EF11FA244E}.Release|Any CPU.ActiveCfg = Release|Any CPU
		{B0E250E9-1DF7-450D-A1E7-24EF11FA244E}.Release|Any CPU.Build.0 = Release|Any CPU
	EndGlobalSection
	GlobalSection(SolutionProperties) = preSolution
		HideSolutionNode = FALSE
	EndGlobalSection
	GlobalSection(ExtensibilityGlobals) = postSolution
		SolutionGuid = {D7D72C34-4981-415B-AE09-633AB5456B4A}
	EndGlobalSection
EndGlobal
